
Microsoft Visual Studio Solution File, Format Version 12.00
# Visual Studio Version 17
VisualStudioVersion = 17.14.36327.8 d17.14
MinimumVisualStudioVersion = 10.0.40219.1
Project("{FAE04EC0-301F-11D3-BF4B-00C04F79EFBC}") = "MiniInventory", "MiniInventory\MiniInventory.csproj", "{645A88E2-6870-4ACD-A7B1-111A165F481B}"
EndProject
Global
	GlobalSection(SolutionConfigurationPlatforms) = preSolution
		Debug|Any CPU = Debug|Any CPU
		Release|Any CPU = Release|Any CPU
	EndGlobalSection
	GlobalSection(ProjectConfigurationPlatforms) = postSolution
		{645A88E2-6870-4ACD-A7B1-111A165F481B}.Debug|Any CPU.ActiveCfg = Debug|Any CPU
		{645A88E2-6870-4ACD-A7B1-111A165F481B}.Debug|Any CPU.Build.0 = Debug|Any CPU
		{645A88E2-6870-4ACD-A7B1-111A165F481B}.Release|Any CPU.ActiveCfg = Release|Any CPU
		{645A88E2-6870-4ACD-A7B1-111A165F481B}.Release|Any CPU.Build.0 = Release|Any CPU
	EndGlobalSection
	GlobalSection(SolutionProperties) = preSolution
		HideSolutionNode = FALSE
	EndGlobalSection
	GlobalSection(ExtensibilityGlobals) = postSolution
		SolutionGuid = {780EF768-E236-49C0-A7DF-4B4CCC76FBCD}
	EndGlobalSection
EndGlobal
